
Microsoft Visual Studio Solution File, Format Version 12.00
# Visual Studio Version 17
VisualStudioVersion = 17.0.31903.59
MinimumVisualStudioVersion = 10.0.40219.1
Project("{9A19103F-16F7-4668-BE54-9A1E7A4F7556}") = "Producer", "Producer\Producer.csproj", "{529FBC42-0693-488F-BC58-BD6712A9F58B}"
EndProject
Project("{2150E333-8FDC-42A3-9474-1A3956D46DE8}") = "Solution Items", "Solution Items", "{29F6AD66-1840-4554-9488-15F0C3E10848}"
	ProjectSection(SolutionItems) = preProject
		.editorconfig = .editorconfig
	EndProjectSection
EndProject
Project("{FAE04EC0-301F-11D3-BF4B-00C04F79EFBC}") = "Consumer", "Consumer\Consumer.csproj", "{F77FD452-A3FD-4BBB-8E3A-5029FBCA6886}"
EndProject
Global
	GlobalSection(SolutionConfigurationPlatforms) = preSolution
		Debug|Any CPU = Debug|Any CPU
		Release|Any CPU = Release|Any CPU
	EndGlobalSection
	GlobalSection(ProjectConfigurationPlatforms) = postSolution
		{529FBC42-0693-488F-BC58-BD6712A9F58B}.Debug|Any CPU.ActiveCfg = Debug|Any CPU
		{529FBC42-0693-488F-BC58-BD6712A9F58B}.Debug|Any CPU.Build.0 = Debug|Any CPU
		{529FBC42-0693-488F-BC58-BD6712A9F58B}.Release|Any CPU.ActiveCfg = Release|Any CPU
		{529FBC42-0693-488F-BC58-BD6712A9F58B}.Release|Any CPU.Build.0 = Release|Any CPU
		{F77FD452-A3FD-4BBB-8E3A-5029FBCA6886}.Debug|Any CPU.ActiveCfg = Debug|Any CPU
		{F77FD452-A3FD-4BBB-8E3A-5029FBCA6886}.Debug|Any CPU.Build.0 = Debug|Any CPU
		{F77FD452-A3FD-4BBB-8E3A-5029FBCA6886}.Release|Any CPU.ActiveCfg = Release|Any CPU
		{F77FD452-A3FD-4BBB-8E3A-5029FBCA6886}.Release|Any CPU.Build.0 = Release|Any CPU
	EndGlobalSection
	GlobalSection(SolutionProperties) = preSolution
		HideSolutionNode = FALSE
	EndGlobalSection
	GlobalSection(ExtensibilityGlobals) = postSolution
		SolutionGuid = {BF504FEC-8A24-4C55-A060-ACB382B6D0F6}
	EndGlobalSection
EndGlobal
